
Microsoft Visual Studio Solution File, Format Version 12.00
# Visual Studio Version 17
VisualStudioVersion = 17.12.35309.182
MinimumVisualStudioVersion = 10.0.40219.1
Project("{FAE04EC0-301F-11D3-BF4B-00C04F79EFBC}") = "Lab1", "Lab1\Lab1.csproj", "{3B8C07A8-B6A2-4733-8568-80237DE24241}"
EndProject
Project("{FAE04EC0-301F-11D3-BF4B-00C04F79EFBC}") = "Lab2", "Lab2\Lab2.csproj", "{C9D34947-A6F7-4C3D-9FA5-33CEF49C5C5B}"
EndProject
Project("{FAE04EC0-301F-11D3-BF4B-00C04F79EFBC}") = "Lab2.Abstract", "Lab2.Abstract\Lab2.Abstract.csproj", "{31FD0D4A-2D15-4D51-B6E6-A6F725736DBD}"
EndProject
Project("{FAE04EC0-301F-11D3-BF4B-00C04F79EFBC}") = "Lab3", "Lab3\Lab3.csproj", "{FEB7B32C-357E-4831-B1EB-8087960C4C7C}"
EndProject
Project("{FAE04EC0-301F-11D3-BF4B-00C04F79EFBC}") = "Lab4", "Lab4\Lab4.csproj", "{51EBB483-3D3C-4F93-9131-7DB847F3A558}"
EndProject
Project("{FAE04EC0-301F-11D3-BF4B-00C04F79EFBC}") = "Lab5", "Lab5\Lab5.csproj", "{8390406C-16FB-40E9-8E9D-2481D0C91E3E}"
EndProject
Project("{FAE04EC0-301F-11D3-BF4B-00C04F79EFBC}") = "Lab6", "Lab6\Lab6.csproj", "{4AFEC4D3-A813-4F99-9526-0490E85C5A13}"
EndProject
Project("{FAE04EC0-301F-11D3-BF4B-00C04F79EFBC}") = "Lab7", "Lab7\Lab7.csproj", "{64E0760E-94BB-4F9A-B0E9-26A1CAA8415E}"
EndProject
Project("{FAE04EC0-301F-11D3-BF4B-00C04F79EFBC}") = "Lab8", "Lab8\Lab8.csproj", "{DA02F16E-A7F3-48A8-A25A-EF686705D8A4}"
EndProject
Project("{FAE04EC0-301F-11D3-BF4B-00C04F79EFBC}") = "Lab9", "Lab9\Lab9.csproj", "{B8EED106-4392-4206-8AB8-E87E8AF864FB}"
EndProject
Project("{FAE04EC0-301F-11D3-BF4B-00C04F79EFBC}") = "Lab10", "Lab10\Lab10.csproj", "{002748CD-D598-4F1A-9A70-66A3A6027F0D}"
EndProject
Global
	GlobalSection(SolutionConfigurationPlatforms) = preSolution
		Debug|Any CPU = Debug|Any CPU
		Release|Any CPU = Release|Any CPU
	EndGlobalSection
	GlobalSection(ProjectConfigurationPlatforms) = postSolution
		{3B8C07A8-B6A2-4733-8568-80237DE24241}.Debug|Any CPU.ActiveCfg = Debug|Any CPU
		{3B8C07A8-B6A2-4733-8568-80237DE24241}.Debug|Any CPU.Build.0 = Debug|Any CPU
		{3B8C07A8-B6A2-4733-8568-80237DE24241}.Release|Any CPU.ActiveCfg = Release|Any CPU
		{3B8C07A8-B6A2-4733-8568-80237DE24241}.Release|Any CPU.Build.0 = Release|Any CPU
		{C9D34947-A6F7-4C3D-9FA5-33CEF49C5C5B}.Debug|Any CPU.ActiveCfg = Debug|Any CPU
		{C9D34947-A6F7-4C3D-9FA5-33CEF49C5C5B}.Debug|Any CPU.Build.0 = Debug|Any CPU
		{C9D34947-A6F7-4C3D-9FA5-33CEF49C5C5B}.Release|Any CPU.ActiveCfg = Release|Any CPU
		{C9D34947-A6F7-4C3D-9FA5-33CEF49C5C5B}.Release|Any CPU.Build.0 = Release|Any CPU
		{31FD0D4A-2D15-4D51-B6E6-A6F725736DBD}.Debug|Any CPU.ActiveCfg = Debug|Any CPU
		{31FD0D4A-2D15-4D51-B6E6-A6F725736DBD}.Debug|Any CPU.Build.0 = Debug|Any CPU
		{31FD0D4A-2D15-4D51-B6E6-A6F725736DBD}.Release|Any CPU.ActiveCfg = Release|Any CPU
		{31FD0D4A-2D15-4D51-B6E6-A6F725736DBD}.Release|Any CPU.Build.0 = Release|Any CPU
		{FEB7B32C-357E-4831-B1EB-8087960C4C7C}.Debug|Any CPU.ActiveCfg = Debug|Any CPU
		{FEB7B32C-357E-4831-B1EB-8087960C4C7C}.Debug|Any CPU.Build.0 = Debug|Any CPU
		{FEB7B32C-357E-4831-B1EB-8087960C4C7C}.Release|Any CPU.ActiveCfg = Release|Any CPU
		{FEB7B32C-357E-4831-B1EB-8087960C4C7C}.Release|Any CPU.Build.0 = Release|Any CPU
		{51EBB483-3D3C-4F93-9131-7DB847F3A558}.Debug|Any CPU.ActiveCfg = Debug|Any CPU
		{51EBB483-3D3C-4F93-9131-7DB847F3A558}.Debug|Any CPU.Build.0 = Debug|Any CPU
		{51EBB483-3D3C-4F93-9131-7DB847F3A558}.Release|Any CPU.ActiveCfg = Release|Any CPU
		{51EBB483-3D3C-4F93-9131-7DB847F3A558}.Release|Any CPU.Build.0 = Release|Any CPU
		{8390406C-16FB-40E9-8E9D-2481D0C91E3E}.Debug|Any CPU.ActiveCfg = Debug|Any CPU
		{8390406C-16FB-40E9-8E9D-2481D0C91E3E}.Debug|Any CPU.Build.0 = Debug|Any CPU
		{8390406C-16FB-40E9-8E9D-2481D0C91E3E}.Release|Any CPU.ActiveCfg = Release|Any CPU
		{8390406C-16FB-40E9-8E9D-2481D0C91E3E}.Release|Any CPU.Build.0 = Release|Any CPU
		{4AFEC4D3-A813-4F99-9526-0490E85C5A13}.Debug|Any CPU.ActiveCfg = Debug|Any CPU
		{4AFEC4D3-A813-4F99-9526-0490E85C5A13}.Debug|Any CPU.Build.0 = Debug|Any CPU
		{4AFEC4D3-A813-4F99-9526-0490E85C5A13}.Release|Any CPU.ActiveCfg = Release|Any CPU
		{4AFEC4D3-A813-4F99-9526-0490E85C5A13}.Release|Any CPU.Build.0 = Release|Any CPU
		{64E0760E-94BB-4F9A-B0E9-26A1CAA8415E}.Debug|Any CPU.ActiveCfg = Debug|Any CPU
		{64E0760E-94BB-4F9A-B0E9-26A1CAA8415E}.Debug|Any CPU.Build.0 = Debug|Any CPU
		{64E0760E-94BB-4F9A-B0E9-26A1CAA8415E}.Release|Any CPU.ActiveCfg = Release|Any CPU
		{64E0760E-94BB-4F9A-B0E9-26A1CAA8415E}.Release|Any CPU.Build.0 = Release|Any CPU
		{DA02F16E-A7F3-48A8-A25A-EF686705D8A4}.Debug|Any CPU.ActiveCfg = Debug|Any CPU
		{DA02F16E-A7F3-48A8-A25A-EF686705D8A4}.Debug|Any CPU.Build.0 = Debug|Any CPU
		{DA02F16E-A7F3-48A8-A25A-EF686705D8A4}.Release|Any CPU.ActiveCfg = Release|Any CPU
		{DA02F16E-A7F3-48A8-A25A-EF686705D8A4}.Release|Any CPU.Build.0 = Release|Any CPU
		{B8EED106-4392-4206-8AB8-E87E8AF864FB}.Debug|Any CPU.ActiveCfg = Debug|Any CPU
		{B8EED106-4392-4206-8AB8-E87E8AF864FB}.Debug|Any CPU.Build.0 = Debug|Any CPU
		{B8EED106-4392-4206-8AB8-E87E8AF864FB}.Release|Any CPU.ActiveCfg = Release|Any CPU
		{B8EED106-4392-4206-8AB8-E87E8AF864FB}.Release|Any CPU.Build.0 = Release|Any CPU
		{002748CD-D598-4F1A-9A70-66A3A6027F0D}.Debug|Any CPU.ActiveCfg = Debug|Any CPU
		{002748CD-D598-4F1A-9A70-66A3A6027F0D}.Debug|Any CPU.Build.0 = Debug|Any CPU
		{002748CD-D598-4F1A-9A70-66A3A6027F0D}.Release|Any CPU.ActiveCfg = Release|Any CPU
		{002748CD-D598-4F1A-9A70-66A3A6027F0D}.Release|Any CPU.Build.0 = Release|Any CPU
	EndGlobalSection
	GlobalSection(SolutionProperties) = preSolution
		HideSolutionNode = FALSE
	EndGlobalSection
	GlobalSection(ExtensibilityGlobals) = postSolution
		SolutionGuid = {1BC1BB48-E722-4D82-8B99-D55E90CE55DC}
	EndGlobalSection
EndGlobal
